schema: '2.0'
stages:
  data_ingestion:
    cmd: python src/data_ingestion.py
    deps:
    - path: src/data_ingestion.py
      hash: md5
      md5: 0005baa10f2093def79739f4d2eb8150
      size: 3491
    params:
      params.yaml:
        data_ingestion.test_size: 0.15
    outs:
    - path: data/raw
      hash: md5
      md5: b919d028b3ddcda7d93e49ce5906701b.dir
      size: 484846
      nfiles: 2
  data_preprocessing:
    cmd: python src/data_preprocessing.py
    deps:
    - path: data/raw
      hash: md5
      md5: b919d028b3ddcda7d93e49ce5906701b.dir
      size: 484846
      nfiles: 2
    - path: src/data_preprocessing.py
      hash: md5
      md5: 182285bd22cab25eeaa64931624912b6
      size: 3556
    outs:
    - path: data/interim
      hash: md5
      md5: 8228f38cbc4ab19870eaaa291f8f1636.dir
      size: 276896
      nfiles: 2
  feature_engineering:
    cmd: python src/feature_engineering.py
    deps:
    - path: data/interim
      hash: md5
      md5: 8228f38cbc4ab19870eaaa291f8f1636.dir
      size: 276896
      nfiles: 2
    - path: src/feature_engineering.py
      hash: md5
      md5: 03cedb4455f71112d44d2236add26693
      size: 3784
    params:
      params.yaml:
        feature_engineering.max_features: 2000
    outs:
    - path: data/processed
      hash: md5
      md5: 7a7097b854159f31132a07153d1d5a58.dir
      size: 42709542
      nfiles: 2
  model_training:
    cmd: python src/model_training.py
    deps:
    - path: data/processed
      hash: md5
      md5: 7a7097b854159f31132a07153d1d5a58.dir
      size: 42709542
      nfiles: 2
    - path: src/model_training.py
      hash: md5
      md5: 4d75dd2d59155e809f20e745f58ab1ef
      size: 4202
    params:
      params.yaml:
        model_training.n_estimators: 32
        model_training.random_state: 10
    outs:
    - path: models/model.pkl
      hash: md5
      md5: 734ecf04b094b3939b23fdfaa4c31551
      size: 3012788
  model_evaluation:
    cmd: python src/model_evaluation.py
    deps:
    - path: models/model.pkl
      hash: md5
      md5: 734ecf04b094b3939b23fdfaa4c31551
      size: 3012788
    - path: src/model_evaluation.py
      hash: md5
      md5: cd3c964866bc1132d85d92e72008bcd8
      size: 4402
    outs:
    - path: reports/metrics.json
      hash: md5
      md5: c80e9a1688871fb6774b3679b3264c69
      size: 143
